
Microsoft Visual Studio Solution File, Format Version 12.00
# Visual Studio 15
VisualStudioVersion = 15.0.28010.0
MinimumVisualStudioVersion = 10.0.40219.1
Project("{FAE04EC0-301F-11D3-BF4B-00C04F79EFBC}") = "Week6CapstoneTaskList", "Week6CapstoneTaskList\Week6CapstoneTaskList.csproj", "{5F6C15D1-88BE-4169-90EF-A232CEFE64AB}"
EndProject
Global
	GlobalSection(SolutionConfigurationPlatforms) = preSolution
		Debug|Any CPU = Debug|Any CPU
		Release|Any CPU = Release|Any CPU
	EndGlobalSection
	GlobalSection(ProjectConfigurationPlatforms) = postSolution
		{5F6C15D1-88BE-4169-90EF-A232CEFE64AB}.Debug|Any CPU.ActiveCfg = Debug|Any CPU
		{5F6C15D1-88BE-4169-90EF-A232CEFE64AB}.Debug|Any CPU.Build.0 = Debug|Any CPU
		{5F6C15D1-88BE-4169-90EF-A232CEFE64AB}.Release|Any CPU.ActiveCfg = Release|Any CPU
		{5F6C15D1-88BE-4169-90EF-A232CEFE64AB}.Release|Any CPU.Build.0 = Release|Any CPU
	EndGlobalSection
	GlobalSection(SolutionProperties) = preSolution
		HideSolutionNode = FALSE
	EndGlobalSection
	GlobalSection(ExtensibilityGlobals) = postSolution
		SolutionGuid = {AE072502-0817-4886-A4E0-D888B00AF2E9}
	EndGlobalSection
EndGlobal
